
Microsoft Visual Studio Solution File, Format Version 12.00
# Visual Studio Version 16
VisualStudioVersion = 16.0.30804.86
MinimumVisualStudioVersion = 10.0.40219.1
Project("{FAE04EC0-301F-11D3-BF4B-00C04F79EFBC}") = "Calculator", "Calculator\Calculator.csproj", "{C356CB5D-A4E2-47BC-8479-B7E22269EB40}"
EndProject
Global
	GlobalSection(SolutionConfigurationPlatforms) = preSolution
		Debug|Any CPU = Debug|Any CPU
		Release|Any CPU = Release|Any CPU
	EndGlobalSection
	GlobalSection(ProjectConfigurationPlatforms) = postSolution
		{C356CB5D-A4E2-47BC-8479-B7E22269EB40}.Debug|Any CPU.ActiveCfg = Debug|Any CPU
		{C356CB5D-A4E2-47BC-8479-B7E22269EB40}.Debug|Any CPU.Build.0 = Debug|Any CPU
		{C356CB5D-A4E2-47BC-8479-B7E22269EB40}.Release|Any CPU.ActiveCfg = Release|Any CPU
		{C356CB5D-A4E2-47BC-8479-B7E22269EB40}.Release|Any CPU.Build.0 = Release|Any CPU
	EndGlobalSection
	GlobalSection(SolutionProperties) = preSolution
		HideSolutionNode = FALSE
	EndGlobalSection
	GlobalSection(ExtensibilityGlobals) = postSolution
		SolutionGuid = {070CA72D-B9AE-4912-AC05-0945E7799F7D}
	EndGlobalSection
EndGlobal
